
Microsoft Visual Studio Solution File, Format Version 12.00
#
Project("{FAE04EC0-301F-11D3-BF4B-00C04F79EFBC}") = "task19", "task19\task19.csproj", "{8979207F-ABFD-4A30-B83A-70EF1C3FD007}"
EndProject
Project("{FAE04EC0-301F-11D3-BF4B-00C04F79EFBC}") = "task18", "task18\task18.csproj", "{1101EA7C-4762-40C9-9199-FC3CFAC1009E}"
EndProject
Project("{FAE04EC0-301F-11D3-BF4B-00C04F79EFBC}") = "task20", "task20\task20.csproj", "{67C79EBD-5DE7-4EBB-A835-3109CF12EF10}"
EndProject
Project("{FAE04EC0-301F-11D3-BF4B-00C04F79EFBC}") = "task21", "task21\task21.csproj", "{C28E189D-B1BF-4B74-A751-58400585B8B9}"
EndProject
Project("{FAE04EC0-301F-11D3-BF4B-00C04F79EFBC}") = "task22", "task22\task22.csproj", "{9FFBF292-F6E9-428E-BDFE-864565E3B72B}"
EndProject
Project("{FAE04EC0-301F-11D3-BF4B-00C04F79EFBC}") = "task23", "task23\task23.csproj", "{DA3740DA-B89E-4416-A172-520BF353D26D}"
EndProject
Project("{FAE04EC0-301F-11D3-BF4B-00C04F79EFBC}") = "task24", "task24\task24.csproj", "{67376BC1-F541-4D40-9936-28C3619B1433}"
EndProject
Project("{FAE04EC0-301F-11D3-BF4B-00C04F79EFBC}") = "task25", "task25\task25.csproj", "{8D1222E0-24B1-4762-BE0D-086E8FA7160B}"
EndProject
Project("{FAE04EC0-301F-11D3-BF4B-00C04F79EFBC}") = "task26", "task26\task26.csproj", "{2080B5E5-1A32-459B-A18B-9D8A7E9025C2}"
EndProject
Project("{FAE04EC0-301F-11D3-BF4B-00C04F79EFBC}") = "task27", "task27\task27.csproj", "{A2ED3808-FEEE-4885-8C12-3DDE01930494}"
EndProject
Project("{FAE04EC0-301F-11D3-BF4B-00C04F79EFBC}") = "task28", "task28\task28.csproj", "{A5192A0D-8D58-4C10-BF16-FB21EB65B89B}"
EndProject
Global
	GlobalSection(SolutionConfigurationPlatforms) = preSolution
		Debug|Any CPU = Debug|Any CPU
		Release|Any CPU = Release|Any CPU
	EndGlobalSection
	GlobalSection(ProjectConfigurationPlatforms) = postSolution
		{8979207F-ABFD-4A30-B83A-70EF1C3FD007}.Debug|Any CPU.ActiveCfg = Debug|Any CPU
		{8979207F-ABFD-4A30-B83A-70EF1C3FD007}.Debug|Any CPU.Build.0 = Debug|Any CPU
		{8979207F-ABFD-4A30-B83A-70EF1C3FD007}.Release|Any CPU.ActiveCfg = Release|Any CPU
		{8979207F-ABFD-4A30-B83A-70EF1C3FD007}.Release|Any CPU.Build.0 = Release|Any CPU
		{1101EA7C-4762-40C9-9199-FC3CFAC1009E}.Debug|Any CPU.ActiveCfg = Debug|Any CPU
		{1101EA7C-4762-40C9-9199-FC3CFAC1009E}.Debug|Any CPU.Build.0 = Debug|Any CPU
		{1101EA7C-4762-40C9-9199-FC3CFAC1009E}.Release|Any CPU.ActiveCfg = Release|Any CPU
		{1101EA7C-4762-40C9-9199-FC3CFAC1009E}.Release|Any CPU.Build.0 = Release|Any CPU
		{67C79EBD-5DE7-4EBB-A835-3109CF12EF10}.Debug|Any CPU.ActiveCfg = Debug|Any CPU
		{67C79EBD-5DE7-4EBB-A835-3109CF12EF10}.Debug|Any CPU.Build.0 = Debug|Any CPU
		{67C79EBD-5DE7-4EBB-A835-3109CF12EF10}.Release|Any CPU.ActiveCfg = Release|Any CPU
		{67C79EBD-5DE7-4EBB-A835-3109CF12EF10}.Release|Any CPU.Build.0 = Release|Any CPU
		{C28E189D-B1BF-4B74-A751-58400585B8B9}.Debug|Any CPU.ActiveCfg = Debug|Any CPU
		{C28E189D-B1BF-4B74-A751-58400585B8B9}.Debug|Any CPU.Build.0 = Debug|Any CPU
		{C28E189D-B1BF-4B74-A751-58400585B8B9}.Release|Any CPU.ActiveCfg = Release|Any CPU
		{C28E189D-B1BF-4B74-A751-58400585B8B9}.Release|Any CPU.Build.0 = Release|Any CPU
		{9FFBF292-F6E9-428E-BDFE-864565E3B72B}.Debug|Any CPU.ActiveCfg = Debug|Any CPU
		{9FFBF292-F6E9-428E-BDFE-864565E3B72B}.Debug|Any CPU.Build.0 = Debug|Any CPU
		{9FFBF292-F6E9-428E-BDFE-864565E3B72B}.Release|Any CPU.ActiveCfg = Release|Any CPU
		{9FFBF292-F6E9-428E-BDFE-864565E3B72B}.Release|Any CPU.Build.0 = Release|Any CPU
		{DA3740DA-B89E-4416-A172-520BF353D26D}.Debug|Any CPU.ActiveCfg = Debug|Any CPU
		{DA3740DA-B89E-4416-A172-520BF353D26D}.Debug|Any CPU.Build.0 = Debug|Any CPU
		{DA3740DA-B89E-4416-A172-520BF353D26D}.Release|Any CPU.ActiveCfg = Release|Any CPU
		{DA3740DA-B89E-4416-A172-520BF353D26D}.Release|Any CPU.Build.0 = Release|Any CPU
		{67376BC1-F541-4D40-9936-28C3619B1433}.Debug|Any CPU.ActiveCfg = Debug|Any CPU
		{67376BC1-F541-4D40-9936-28C3619B1433}.Debug|Any CPU.Build.0 = Debug|Any CPU
		{67376BC1-F541-4D40-9936-28C3619B1433}.Release|Any CPU.ActiveCfg = Release|Any CPU
		{67376BC1-F541-4D40-9936-28C3619B1433}.Release|Any CPU.Build.0 = Release|Any CPU
		{8D1222E0-24B1-4762-BE0D-086E8FA7160B}.Debug|Any CPU.ActiveCfg = Debug|Any CPU
		{8D1222E0-24B1-4762-BE0D-086E8FA7160B}.Debug|Any CPU.Build.0 = Debug|Any CPU
		{8D1222E0-24B1-4762-BE0D-086E8FA7160B}.Release|Any CPU.ActiveCfg = Release|Any CPU
		{8D1222E0-24B1-4762-BE0D-086E8FA7160B}.Release|Any CPU.Build.0 = Release|Any CPU
		{2080B5E5-1A32-459B-A18B-9D8A7E9025C2}.Debug|Any CPU.ActiveCfg = Debug|Any CPU
		{2080B5E5-1A32-459B-A18B-9D8A7E9025C2}.Debug|Any CPU.Build.0 = Debug|Any CPU
		{2080B5E5-1A32-459B-A18B-9D8A7E9025C2}.Release|Any CPU.ActiveCfg = Release|Any CPU
		{2080B5E5-1A32-459B-A18B-9D8A7E9025C2}.Release|Any CPU.Build.0 = Release|Any CPU
		{A2ED3808-FEEE-4885-8C12-3DDE01930494}.Debug|Any CPU.ActiveCfg = Debug|Any CPU
		{A2ED3808-FEEE-4885-8C12-3DDE01930494}.Debug|Any CPU.Build.0 = Debug|Any CPU
		{A2ED3808-FEEE-4885-8C12-3DDE01930494}.Release|Any CPU.ActiveCfg = Release|Any CPU
		{A2ED3808-FEEE-4885-8C12-3DDE01930494}.Release|Any CPU.Build.0 = Release|Any CPU
		{A5192A0D-8D58-4C10-BF16-FB21EB65B89B}.Debug|Any CPU.ActiveCfg = Debug|Any CPU
		{A5192A0D-8D58-4C10-BF16-FB21EB65B89B}.Debug|Any CPU.Build.0 = Debug|Any CPU
		{A5192A0D-8D58-4C10-BF16-FB21EB65B89B}.Release|Any CPU.ActiveCfg = Release|Any CPU
		{A5192A0D-8D58-4C10-BF16-FB21EB65B89B}.Release|Any CPU.Build.0 = Release|Any CPU
	EndGlobalSection
	GlobalSection(NestedProjects) = preSolution
	EndGlobalSection
EndGlobal
