
Microsoft Visual Studio Solution File, Format Version 12.00
#
Project("{FAE04EC0-301F-11D3-BF4B-00C04F79EFBC}") = "task19", "task19\task19.csproj", "{8979207F-ABFD-4A30-B83A-70EF1C3FD007}"
EndProject
Project("{FAE04EC0-301F-11D3-BF4B-00C04F79EFBC}") = "task18", "task18\task18.csproj", "{1101EA7C-4762-40C9-9199-FC3CFAC1009E}"
EndProject
Project("{FAE04EC0-301F-11D3-BF4B-00C04F79EFBC}") = "task20", "task20\task20.csproj", "{67C79EBD-5DE7-4EBB-A835-3109CF12EF10}"
EndProject
Global
	GlobalSection(SolutionConfigurationPlatforms) = preSolution
		Debug|Any CPU = Debug|Any CPU
		Release|Any CPU = Release|Any CPU
	EndGlobalSection
	GlobalSection(ProjectConfigurationPlatforms) = postSolution
		{8979207F-ABFD-4A30-B83A-70EF1C3FD007}.Debug|Any CPU.ActiveCfg = Debug|Any CPU
		{8979207F-ABFD-4A30-B83A-70EF1C3FD007}.Debug|Any CPU.Build.0 = Debug|Any CPU
		{8979207F-ABFD-4A30-B83A-70EF1C3FD007}.Release|Any CPU.ActiveCfg = Release|Any CPU
		{8979207F-ABFD-4A30-B83A-70EF1C3FD007}.Release|Any CPU.Build.0 = Release|Any CPU
		{1101EA7C-4762-40C9-9199-FC3CFAC1009E}.Debug|Any CPU.ActiveCfg = Debug|Any CPU
		{1101EA7C-4762-40C9-9199-FC3CFAC1009E}.Debug|Any CPU.Build.0 = Debug|Any CPU
		{1101EA7C-4762-40C9-9199-FC3CFAC1009E}.Release|Any CPU.ActiveCfg = Release|Any CPU
		{1101EA7C-4762-40C9-9199-FC3CFAC1009E}.Release|Any CPU.Build.0 = Release|Any CPU
		{67C79EBD-5DE7-4EBB-A835-3109CF12EF10}.Debug|Any CPU.ActiveCfg = Debug|Any CPU
		{67C79EBD-5DE7-4EBB-A835-3109CF12EF10}.Debug|Any CPU.Build.0 = Debug|Any CPU
		{67C79EBD-5DE7-4EBB-A835-3109CF12EF10}.Release|Any CPU.ActiveCfg = Release|Any CPU
		{67C79EBD-5DE7-4EBB-A835-3109CF12EF10}.Release|Any CPU.Build.0 = Release|Any CPU
	EndGlobalSection
	GlobalSection(NestedProjects) = preSolution
	EndGlobalSection
EndGlobal
